
Microsoft Visual Studio Solution File, Format Version 12.00
# Visual Studio 2010
Project("{2150E333-8FDC-42A3-9474-1A3956D46DE8}") = "Solution Items", "Solution Items", "{FC8DEF4A-ACBD-42A0-A5A9-CB66653827A6}"
	ProjectSection(SolutionItems) = preProject
		Local.testsettings = Local.testsettings
		MarsRover.vsmdi = MarsRover.vsmdi
		TraceAndTestImpact.testsettings = TraceAndTestImpact.testsettings
	EndProjectSection
EndProject
Project("{2150E333-8FDC-42A3-9474-1A3956D46DE8}") = ".nuget", ".nuget", "{F8BB96A2-AB4E-4730-8AE2-FDBC566AF031}"
	ProjectSection(SolutionItems) = preProject
		.nuget\packages.config = .nuget\packages.config
	EndProjectSection
EndProject
Project("{FAE04EC0-301F-11D3-BF4B-00C04F79EFBC}") = "MarsRover", "MarsRover\MarsRover.csproj", "{B363C8B8-43EA-422C-8EF7-E0F6B56BB100}"
EndProject
Project("{FAE04EC0-301F-11D3-BF4B-00C04F79EFBC}") = "MarsRoverTest", "MarsRoverTest\MarsRoverTest.csproj", "{8C9FFF8E-8313-4793-B120-38193A03B185}"
EndProject
Project("{FAE04EC0-301F-11D3-BF4B-00C04F79EFBC}") = "MarsRoverSeleniumTests", "MarsRoverSeleniumTests\MarsRoverSeleniumTests.csproj", "{286F8437-DAAD-404C-9CB9-7640CB1B2EFE}"
EndProject
Project("{FAE04EC0-301F-11D3-BF4B-00C04F79EFBC}") = "MarsRoverWCF", "MarsRoverWCF\MarsRoverWCF.csproj", "{62BA25EF-441A-412C-B898-8DDC4767DCC1}"
EndProject
Project("{FAE04EC0-301F-11D3-BF4B-00C04F79EFBC}") = "MarsRoverSpecFlowTests", "MarsRoverSpecFlowTests\MarsRoverSpecFlowTests.csproj", "{9672E13C-58BA-4DFC-846D-EECED49E9EE4}"
EndProject
Global
	GlobalSection(TestCaseManagementSettings) = postSolution
		CategoryFile = MarsRover.vsmdi
	EndGlobalSection
	GlobalSection(SolutionConfigurationPlatforms) = preSolution
		Debug|Any CPU = Debug|Any CPU
		Release|Any CPU = Release|Any CPU
	EndGlobalSection
	GlobalSection(ProjectConfigurationPlatforms) = postSolution
		{B363C8B8-43EA-422C-8EF7-E0F6B56BB100}.Debug|Any CPU.ActiveCfg = Debug|Any CPU
		{B363C8B8-43EA-422C-8EF7-E0F6B56BB100}.Debug|Any CPU.Build.0 = Debug|Any CPU
		{B363C8B8-43EA-422C-8EF7-E0F6B56BB100}.Release|Any CPU.ActiveCfg = Release|Any CPU
		{B363C8B8-43EA-422C-8EF7-E0F6B56BB100}.Release|Any CPU.Build.0 = Release|Any CPU
		{8C9FFF8E-8313-4793-B120-38193A03B185}.Debug|Any CPU.ActiveCfg = Debug|Any CPU
		{8C9FFF8E-8313-4793-B120-38193A03B185}.Debug|Any CPU.Build.0 = Debug|Any CPU
		{8C9FFF8E-8313-4793-B120-38193A03B185}.Release|Any CPU.ActiveCfg = Release|Any CPU
		{8C9FFF8E-8313-4793-B120-38193A03B185}.Release|Any CPU.Build.0 = Release|Any CPU
		{286F8437-DAAD-404C-9CB9-7640CB1B2EFE}.Debug|Any CPU.ActiveCfg = Debug|Any CPU
		{286F8437-DAAD-404C-9CB9-7640CB1B2EFE}.Debug|Any CPU.Build.0 = Debug|Any CPU
		{286F8437-DAAD-404C-9CB9-7640CB1B2EFE}.Release|Any CPU.ActiveCfg = Release|Any CPU
		{286F8437-DAAD-404C-9CB9-7640CB1B2EFE}.Release|Any CPU.Build.0 = Release|Any CPU
		{62BA25EF-441A-412C-B898-8DDC4767DCC1}.Debug|Any CPU.ActiveCfg = Debug|Any CPU
		{62BA25EF-441A-412C-B898-8DDC4767DCC1}.Debug|Any CPU.Build.0 = Debug|Any CPU
		{62BA25EF-441A-412C-B898-8DDC4767DCC1}.Release|Any CPU.ActiveCfg = Release|Any CPU
		{62BA25EF-441A-412C-B898-8DDC4767DCC1}.Release|Any CPU.Build.0 = Release|Any CPU
		{9672E13C-58BA-4DFC-846D-EECED49E9EE4}.Debug|Any CPU.ActiveCfg = Debug|Any CPU
		{9672E13C-58BA-4DFC-846D-EECED49E9EE4}.Debug|Any CPU.Build.0 = Debug|Any CPU
		{9672E13C-58BA-4DFC-846D-EECED49E9EE4}.Release|Any CPU.ActiveCfg = Release|Any CPU
		{9672E13C-58BA-4DFC-846D-EECED49E9EE4}.Release|Any CPU.Build.0 = Release|Any CPU
	EndGlobalSection
	GlobalSection(SolutionProperties) = preSolution
		HideSolutionNode = FALSE
	EndGlobalSection
EndGlobal
